
Microsoft Visual Studio Solution File, Format Version 12.00
# Visual Studio Version 17
VisualStudioVersion = 17.5.33516.290
MinimumVisualStudioVersion = 10.0.40219.1
Project("{FAE04EC0-301F-11D3-BF4B-00C04F79EFBC}") = "WpfApp2", "WpfApp2\WpfApp2.csproj", "{10BF7BB1-B7DE-4575-A1B8-BA364EAD855F}"
EndProject
Global
	GlobalSection(SolutionConfigurationPlatforms) = preSolution
		Debug|Any CPU = Debug|Any CPU
		Release|Any CPU = Release|Any CPU
	EndGlobalSection
	GlobalSection(ProjectConfigurationPlatforms) = postSolution
		{10BF7BB1-B7DE-4575-A1B8-BA364EAD855F}.Debug|Any CPU.ActiveCfg = Debug|Any CPU
		{10BF7BB1-B7DE-4575-A1B8-BA364EAD855F}.Debug|Any CPU.Build.0 = Debug|Any CPU
		{10BF7BB1-B7DE-4575-A1B8-BA364EAD855F}.Release|Any CPU.ActiveCfg = Release|Any CPU
		{10BF7BB1-B7DE-4575-A1B8-BA364EAD855F}.Release|Any CPU.Build.0 = Release|Any CPU
	EndGlobalSection
	GlobalSection(SolutionProperties) = preSolution
		HideSolutionNode = FALSE
	EndGlobalSection
	GlobalSection(ExtensibilityGlobals) = postSolution
		SolutionGuid = {3545E851-58BE-4690-B3EB-D48F7FDA3D58}
	EndGlobalSection
EndGlobal
